
Microsoft Visual Studio Solution File, Format Version 12.00
# Visual Studio 15
VisualStudioVersion = 15.0.27703.2000
MinimumVisualStudioVersion = 10.0.40219.1
Project("{9A19103F-16F7-4668-BE54-9A1E7A4F7556}") = "OAuthApiClient", "OAuthApiClient\OAuthApiClient.csproj", "{9C52DF3C-91AA-4D7F-8A40-B3F36F6955D1}"
EndProject
Project("{9A19103F-16F7-4668-BE54-9A1E7A4F7556}") = "TestApiClient", "TestApiClient\TestApiClient.csproj", "{B0AE6334-0012-4730-8E19-A0A2F9859784}"
EndProject
Project("{FAE04EC0-301F-11D3-BF4B-00C04F79EFBC}") = "OAuthApiClient.Abstractions", "OAuthApiClient.Abstractions\OAuthApiClient.Abstractions.csproj", "{7CC548CD-F45A-4709-A7A6-559472FF7425}"
EndProject
Global
	GlobalSection(SolutionConfigurationPlatforms) = preSolution
		Debug|Any CPU = Debug|Any CPU
		Release|Any CPU = Release|Any CPU
	EndGlobalSection
	GlobalSection(ProjectConfigurationPlatforms) = postSolution
		{9C52DF3C-91AA-4D7F-8A40-B3F36F6955D1}.Debug|Any CPU.ActiveCfg = Debug|Any CPU
		{9C52DF3C-91AA-4D7F-8A40-B3F36F6955D1}.Debug|Any CPU.Build.0 = Debug|Any CPU
		{9C52DF3C-91AA-4D7F-8A40-B3F36F6955D1}.Release|Any CPU.ActiveCfg = Release|Any CPU
		{9C52DF3C-91AA-4D7F-8A40-B3F36F6955D1}.Release|Any CPU.Build.0 = Release|Any CPU
		{B0AE6334-0012-4730-8E19-A0A2F9859784}.Debug|Any CPU.ActiveCfg = Debug|Any CPU
		{B0AE6334-0012-4730-8E19-A0A2F9859784}.Debug|Any CPU.Build.0 = Debug|Any CPU
		{B0AE6334-0012-4730-8E19-A0A2F9859784}.Release|Any CPU.ActiveCfg = Release|Any CPU
		{B0AE6334-0012-4730-8E19-A0A2F9859784}.Release|Any CPU.Build.0 = Release|Any CPU
		{7CC548CD-F45A-4709-A7A6-559472FF7425}.Debug|Any CPU.ActiveCfg = Debug|Any CPU
		{7CC548CD-F45A-4709-A7A6-559472FF7425}.Debug|Any CPU.Build.0 = Debug|Any CPU
		{7CC548CD-F45A-4709-A7A6-559472FF7425}.Release|Any CPU.ActiveCfg = Release|Any CPU
		{7CC548CD-F45A-4709-A7A6-559472FF7425}.Release|Any CPU.Build.0 = Release|Any CPU
	EndGlobalSection
	GlobalSection(SolutionProperties) = preSolution
		HideSolutionNode = FALSE
	EndGlobalSection
	GlobalSection(ExtensibilityGlobals) = postSolution
		SolutionGuid = {321FE8DC-BABE-48BC-AC45-D0168307A9D8}
	EndGlobalSection
EndGlobal
